{
  "name": "chatify",
  "version": "1.0.0",
  "lockfileVersion": 3,
  "requires": true,
  "packages": {
    "": {
      "name": "chatify",
      "version": "1.0.0",
      "license": "ISC",
      "dependencies": {
        "@arcjet/inspect": "^1.0.0-beta.13",
        "@arcjet/node": "^1.0.0-beta.13"
      },
      "engines": {
        "node": ">=18.17.0"
      }
    },
    "node_modules/@arcjet/analyze": {
      "version": "1.0.0-beta.13",
      "resolved": "https://registry.npmjs.org/@arcjet/analyze/-/analyze-1.0.0-beta.13.tgz",
      "integrity": "sha512-ccx5N1QPq8akeT3ysSqVLUERfllbDqS7IejWWjWS2VuLUosN/eTYtoCguKWjCEaeE6lBoSucj5R/y7fayut4dw==",
      "license": "Apache-2.0",
      "dependencies": {
        "@arcjet/analyze-wasm": "1.0.0-beta.13",
        "@arcjet/protocol": "1.0.0-beta.13"
      },
      "engines": {
        "node": ">=18"
      }
    },
    "node_modules/@arcjet/analyze-wasm": {
      "version": "1.0.0-beta.13",
      "resolved": "https://registry.npmjs.org/@arcjet/analyze-wasm/-/analyze-wasm-1.0.0-beta.13.tgz",
      "integrity": "sha512-GfmHhnAE49xPkVCt6tGQizyDqN/hGXEvwHBYrgq6rPJyzUKju25DPyTiUbNTWXb8AnSXeWATQQFskCUUD9P8wg==",
      "license": "Apache-2.0",
      "engines": {
        "node": ">=18"
      }
    },
    "node_modules/@arcjet/body": {
      "version": "1.0.0-beta.13",
      "resolved": "https://registry.npmjs.org/@arcjet/body/-/body-1.0.0-beta.13.tgz",
      "integrity": "sha512-n+fBzgtoyKzDpdc684Uax7S/OcDAi90Mqa3IWdwAfJNqvsAx3kg7OYSsfcao88vaABtbdK3j6iOf50YJUlFRBA==",
      "license": "Apache-2.0",
      "engines": {
        "node": ">=18"
      }
    },
    "node_modules/@arcjet/cache": {
      "version": "1.0.0-beta.13",
      "resolved": "https://registry.npmjs.org/@arcjet/cache/-/cache-1.0.0-beta.13.tgz",
      "integrity": "sha512-6HYudTqr4awPIlzv8BBNo+cw2QJ3QoUToDtuaVQRAv/ziv4pEmBNZ6RPYZyVWvByBOh0+URItc/F8ytFWJ1iZA==",
      "license": "Apache-2.0",
      "engines": {
        "node": ">=18"
      }
    },
    "node_modules/@arcjet/duration": {
      "version": "1.0.0-beta.13",
      "resolved": "https://registry.npmjs.org/@arcjet/duration/-/duration-1.0.0-beta.13.tgz",
      "integrity": "sha512-oPexL8GoambWep/xeQemRkc/LwVI6mIttId8Y1p45986Jv477cSUT1ns5/aVSzRgEdG564H8fYCrYNK81lQnlA==",
      "license": "Apache-2.0",
      "engines": {
        "node": ">=18"
      }
    },
    "node_modules/@arcjet/env": {
      "version": "1.0.0-beta.13",
      "resolved": "https://registry.npmjs.org/@arcjet/env/-/env-1.0.0-beta.13.tgz",
      "integrity": "sha512-bjGp7AHfA+jKkVEuuCPkr5xxodXrnf9EyOfhjQcr6Rf7oeV65YOkfORWgCKYmsaibk9sTXC2mNvVcmi8areL2A==",
      "license": "Apache-2.0",
      "engines": {
        "node": ">=18"
      }
    },
    "node_modules/@arcjet/headers": {
      "version": "1.0.0-beta.13",
      "resolved": "https://registry.npmjs.org/@arcjet/headers/-/headers-1.0.0-beta.13.tgz",
      "integrity": "sha512-pMU6JI/Ftub6zwvOioFQKiy6B6qbWNq/q6s/K62PNRjcfEtzuamwbxuHUIG1i42TIFEIfcSZ0jXNHnsEL5wq+A==",
      "license": "Apache-2.0",
      "engines": {
        "node": ">=18"
      }
    },
    "node_modules/@arcjet/inspect": {
      "version": "1.0.0-beta.13",
      "resolved": "https://registry.npmjs.org/@arcjet/inspect/-/inspect-1.0.0-beta.13.tgz",
      "integrity": "sha512-7bE4VP4+fa9nJvSl3efRWmG31ClibyRIoO1sPe4hE+Stx68uE4LwK6CZfkB/1XP4sggWsQGQ2PNkC1fM3qmMog==",
      "license": "Apache-2.0",
      "dependencies": {
        "@arcjet/protocol": "1.0.0-beta.13"
      },
      "engines": {
        "node": ">=18"
      }
    },
    "node_modules/@arcjet/ip": {
      "version": "1.0.0-beta.13",
      "resolved": "https://registry.npmjs.org/@arcjet/ip/-/ip-1.0.0-beta.13.tgz",
      "integrity": "sha512-8lJG+y5x6gjDwFAYUFJORkSss31fHVoa94UNMEUYTN+YSZV2RkfdExJ7Ocz/DFuvBo3ZS+4VwHrmgVKJ9gDKlA==",
      "license": "Apache-2.0",
      "engines": {
        "node": ">=18"
      }
    },
    "node_modules/@arcjet/logger": {
      "version": "1.0.0-beta.13",
      "resolved": "https://registry.npmjs.org/@arcjet/logger/-/logger-1.0.0-beta.13.tgz",
      "integrity": "sha512-xlHnyabC4+lUXfc0c7fULDWrEE1CUDlZOrbEd6gNf/MRMdV4Vo9808bj5LCL/bAx3BE1/LjBPWMmDvyvKD1+Fg==",
      "license": "Apache-2.0",
      "dependencies": {
        "@arcjet/sprintf": "1.0.0-beta.13"
      },
      "engines": {
        "node": ">=18"
      }
    },
    "node_modules/@arcjet/node": {
      "version": "1.0.0-beta.13",
      "resolved": "https://registry.npmjs.org/@arcjet/node/-/node-1.0.0-beta.13.tgz",
      "integrity": "sha512-4MDE+b1luzEaHa2aHzsjlKbRXt59B5DUZIgiv9fq142g697NT0BVpyIHPowEFqoVxcSfJ6CtsvsH/KDQePAgLw==",
      "license": "Apache-2.0",
      "dependencies": {
        "@arcjet/body": "1.0.0-beta.13",
        "@arcjet/env": "1.0.0-beta.13",
        "@arcjet/headers": "1.0.0-beta.13",
        "@arcjet/ip": "1.0.0-beta.13",
        "@arcjet/logger": "1.0.0-beta.13",
        "@arcjet/protocol": "1.0.0-beta.13",
        "@arcjet/transport": "1.0.0-beta.13",
        "arcjet": "1.0.0-beta.13"
      },
      "engines": {
        "node": ">=18"
      }
    },
    "node_modules/@arcjet/protocol": {
      "version": "1.0.0-beta.13",
      "resolved": "https://registry.npmjs.org/@arcjet/protocol/-/protocol-1.0.0-beta.13.tgz",
      "integrity": "sha512-56JAGepcKMOPKbfOmXSLTgwMJS9V5bt6IAW5dcBD9YvS3TYjNC9PhsIEmywdMdGatjiAUMQKK6PEDsTQ9SOnNA==",
      "license": "Apache-2.0",
      "dependencies": {
        "@arcjet/cache": "1.0.0-beta.13",
        "@bufbuild/protobuf": "1.10.1",
        "@connectrpc/connect": "1.6.1",
        "typeid-js": "1.2.0"
      },
      "engines": {
        "node": ">=18"
      }
    },
    "node_modules/@arcjet/runtime": {
      "version": "1.0.0-beta.13",
      "resolved": "https://registry.npmjs.org/@arcjet/runtime/-/runtime-1.0.0-beta.13.tgz",
      "integrity": "sha512-ilJdzDXnoKV3MX0rIlOzjU0UGF6VfyGJS+1ud4lh8oRjFeQGWsa2eaPDE8UXxTrhbY8MfOjNUFQ5OfMwkKCZCg==",
      "license": "Apache-2.0",
      "engines": {
        "node": ">=18"
      }
    },
    "node_modules/@arcjet/sprintf": {
      "version": "1.0.0-beta.13",
      "resolved": "https://registry.npmjs.org/@arcjet/sprintf/-/sprintf-1.0.0-beta.13.tgz",
      "integrity": "sha512-iGdYHu9WV05eLYpa2T18vQ/7KHYqmncvS5yFpgsQYlPdH8BeyKMnIJcOOieyN+d0u6+oIdq0JeawTTgKLW0kAQ==",
      "license": "Apache-2.0",
      "engines": {
        "node": ">=18"
      }
    },
    "node_modules/@arcjet/stable-hash": {
      "version": "1.0.0-beta.13",
      "resolved": "https://registry.npmjs.org/@arcjet/stable-hash/-/stable-hash-1.0.0-beta.13.tgz",
      "integrity": "sha512-e8xmqSaFVaY2pEpcXpYnoeA1WdQuSrbULKwjQ5EwjzOFPhNLe1z/WOrXtnQjPGyB9gjZnGQwNhRpCyQyxSJUNQ==",
      "license": "Apache-2.0",
      "engines": {
        "node": ">=18"
      }
    },
    "node_modules/@arcjet/transport": {
      "version": "1.0.0-beta.13",
      "resolved": "https://registry.npmjs.org/@arcjet/transport/-/transport-1.0.0-beta.13.tgz",
      "integrity": "sha512-iNlcRrTGf5V1xU1v5B2ui37r8OhLTCSIaXIKACZlSx6bm4V/jzrm1PNA7ZoAsdyzCSG8Hca4g1k0slTErpvU1Q==",
      "license": "Apache-2.0",
      "dependencies": {
        "@bufbuild/protobuf": "1.10.1",
        "@connectrpc/connect": "1.6.1",
        "@connectrpc/connect-node": "1.6.1",
        "@connectrpc/connect-web": "1.6.1"
      },
      "engines": {
        "node": ">=18"
      }
    },
    "node_modules/@bufbuild/protobuf": {
      "version": "1.10.1",
      "resolved": "https://registry.npmjs.org/@bufbuild/protobuf/-/protobuf-1.10.1.tgz",
      "integrity": "sha512-wJ8ReQbHxsAfXhrf9ixl0aYbZorRuOWpBNzm8pL8ftmSxQx/wnJD5Eg861NwJU/czy2VXFIebCeZnZrI9rktIQ==",
      "license": "(Apache-2.0 AND BSD-3-Clause)"
    },
    "node_modules/@connectrpc/connect": {
      "version": "1.6.1",
      "resolved": "https://registry.npmjs.org/@connectrpc/connect/-/connect-1.6.1.tgz",
      "integrity": "sha512-KchMDNtU4CDTdkyf0qG7ugJ6qHTOR/aI7XebYn3OTCNagaDYWiZUVKgRgwH79yeMkpNgvEUaXSK7wKjaBK9b/Q==",
      "license": "Apache-2.0",
      "peerDependencies": {
        "@bufbuild/protobuf": "^1.10.0"
      }
    },
    "node_modules/@connectrpc/connect-node": {
      "version": "1.6.1",
      "resolved": "https://registry.npmjs.org/@connectrpc/connect-node/-/connect-node-1.6.1.tgz",
      "integrity": "sha512-DxcD1wsF/aX9GegjAtl7VbpiZNjVJozy87VbaFoN6AF0Ln1Q757r5dgV59Gz0wmlk5f17txUsrEr1f2inlnnAg==",
      "license": "Apache-2.0",
      "dependencies": {
        "undici": "^5.28.4"
      },
      "engines": {
        "node": ">=16.0.0"
      },
      "peerDependencies": {
        "@bufbuild/protobuf": "^1.10.0",
        "@connectrpc/connect": "1.6.1"
      }
    },
    "node_modules/@connectrpc/connect-web": {
      "version": "1.6.1",
      "resolved": "https://registry.npmjs.org/@connectrpc/connect-web/-/connect-web-1.6.1.tgz",
      "integrity": "sha512-GVfxQOmt3TtgTaKeXLS/EA2IHa3nHxwe2BCHT7X0Q/0hohM+nP5DDnIItGEjGrGdt3LTTqWqE4s70N4h+qIMlQ==",
      "license": "Apache-2.0",
      "peerDependencies": {
        "@bufbuild/protobuf": "^1.10.0",
        "@connectrpc/connect": "1.6.1"
      }
    },
    "node_modules/@fastify/busboy": {
      "version": "2.1.1",
      "resolved": "https://registry.npmjs.org/@fastify/busboy/-/busboy-2.1.1.tgz",
      "integrity": "sha512-vBZP4NlzfOlerQTnba4aqZoMhE/a9HY7HRqoOPaETQcSQuWEIyZMHGfVu6w9wGtGK5fED5qRs2DteVCjOH60sA==",
      "license": "MIT",
      "engines": {
        "node": ">=14"
      }
    },
    "node_modules/arcjet": {
      "version": "1.0.0-beta.13",
      "resolved": "https://registry.npmjs.org/arcjet/-/arcjet-1.0.0-beta.13.tgz",
      "integrity": "sha512-ek5EQ7ylI9HIk+x/2gF+8yv8vbC660r314gF7AYAK+zCvG/pDLgjqnBhFbV+R9DHAylNo+/Kpw77AzB5ZF+GGg==",
      "license": "Apache-2.0",
      "dependencies": {
        "@arcjet/analyze": "1.0.0-beta.13",
        "@arcjet/cache": "1.0.0-beta.13",
        "@arcjet/duration": "1.0.0-beta.13",
        "@arcjet/headers": "1.0.0-beta.13",
        "@arcjet/protocol": "1.0.0-beta.13",
        "@arcjet/runtime": "1.0.0-beta.13",
        "@arcjet/stable-hash": "1.0.0-beta.13"
      },
      "engines": {
        "node": ">=18"
      }
    },
    "node_modules/typeid-js": {
      "version": "1.2.0",
      "resolved": "https://registry.npmjs.org/typeid-js/-/typeid-js-1.2.0.tgz",
      "integrity": "sha512-t76ZucAnvGC60ea/HjVsB0TSoB0cw9yjnfurUgtInXQWUI/VcrlZGpO23KN3iSe8yOGUgb1zr7W7uEzJ3hSljA==",
      "license": "Apache-2.0",
      "dependencies": {
        "uuid": "^10.0.0"
      }
    },
    "node_modules/undici": {
      "version": "5.29.0",
      "resolved": "https://registry.npmjs.org/undici/-/undici-5.29.0.tgz",
      "integrity": "sha512-raqeBD6NQK4SkWhQzeYKd1KmIG6dllBOTt55Rmkt4HtI9mwdWtJljnrXjAFUBLTSN67HWrOIZ3EPF4kjUw80Bg==",
      "license": "MIT",
      "dependencies": {
        "@fastify/busboy": "^2.0.0"
      },
      "engines": {
        "node": ">=14.0"
      }
    },
    "node_modules/uuid": {
      "version": "10.0.0",
      "resolved": "https://registry.npmjs.org/uuid/-/uuid-10.0.0.tgz",
      "integrity": "sha512-8XkAphELsDnEGrDxUOHB3RGvXz6TeuYSGEZBOjtTtPm2lwhGBjLgOzLHB63IUWfBpNucQjND6d3AOudO+H3RWQ==",
      "funding": [
        "https://github.com/sponsors/broofa",
        "https://github.com/sponsors/ctavan"
      ],
      "license": "MIT",
      "bin": {
        "uuid": "dist/bin/uuid"
      }
    }
  }
}
